
Microsoft Visual Studio Solution File, Format Version 12.00
# Visual Studio Version 17
VisualStudioVersion = 17.3.32819.101
MinimumVisualStudioVersion = 10.0.40219.1
Project("{9A19103F-16F7-4668-BE54-9A1E7A4F7556}") = "Appr Munei", "Appr Munei.csproj", "{1D3F58F3-5220-4593-9483-FFDE62A0F77B}"
EndProject
Global
	GlobalSection(SolutionConfigurationPlatforms) = preSolution
		Debug|Any CPU = Debug|Any CPU
		Release|Any CPU = Release|Any CPU
	EndGlobalSection
	GlobalSection(ProjectConfigurationPlatforms) = postSolution
		{1D3F58F3-5220-4593-9483-FFDE62A0F77B}.Debug|Any CPU.ActiveCfg = Debug|Any CPU
		{1D3F58F3-5220-4593-9483-FFDE62A0F77B}.Debug|Any CPU.Build.0 = Debug|Any CPU
		{1D3F58F3-5220-4593-9483-FFDE62A0F77B}.Release|Any CPU.ActiveCfg = Release|Any CPU
		{1D3F58F3-5220-4593-9483-FFDE62A0F77B}.Release|Any CPU.Build.0 = Release|Any CPU
	EndGlobalSection
	GlobalSection(SolutionProperties) = preSolution
		HideSolutionNode = FALSE
	EndGlobalSection
	GlobalSection(ExtensibilityGlobals) = postSolution
		SolutionGuid = {83E00791-69BE-44EC-98C5-DD2F81778639}
	EndGlobalSection
EndGlobal
